
Microsoft Visual Studio Solution File, Format Version 12.00
# Visual Studio Version 17
VisualStudioVersion = 17.4.33213.308
MinimumVisualStudioVersion = 10.0.40219.1
Project("{FAE04EC0-301F-11D3-BF4B-00C04F79EFBC}") = "Assigment 2 Charts", "Assigment 2 Charts\Assigment 2 Charts.csproj", "{E1B8D52C-681E-488C-A67C-8AD808D3D72A}"
EndProject
Global
	GlobalSection(SolutionConfigurationPlatforms) = preSolution
		Debug|Any CPU = Debug|Any CPU
		Release|Any CPU = Release|Any CPU
	EndGlobalSection
	GlobalSection(ProjectConfigurationPlatforms) = postSolution
		{E1B8D52C-681E-488C-A67C-8AD808D3D72A}.Debug|Any CPU.ActiveCfg = Debug|Any CPU
		{E1B8D52C-681E-488C-A67C-8AD808D3D72A}.Debug|Any CPU.Build.0 = Debug|Any CPU
		{E1B8D52C-681E-488C-A67C-8AD808D3D72A}.Release|Any CPU.ActiveCfg = Release|Any CPU
		{E1B8D52C-681E-488C-A67C-8AD808D3D72A}.Release|Any CPU.Build.0 = Release|Any CPU
	EndGlobalSection
	GlobalSection(SolutionProperties) = preSolution
		HideSolutionNode = FALSE
	EndGlobalSection
	GlobalSection(ExtensibilityGlobals) = postSolution
		SolutionGuid = {09344A91-EA87-4ED5-9610-7DE41FF699F1}
	EndGlobalSection
EndGlobal
